
Microsoft Visual Studio Solution File, Format Version 12.00
# Visual Studio Version 17
VisualStudioVersion = 17.0.32014.148
MinimumVisualStudioVersion = 10.0.40219.1
Project("{FAE04EC0-301F-11D3-BF4B-00C04F79EFBC}") = "JenkinsMvcWeb", "JenkinsMvcWeb\JenkinsMvcWeb.csproj", "{79799ED9-D648-4A93-AF97-622B06FEC2AC}"
EndProject
Global
	GlobalSection(SolutionConfigurationPlatforms) = preSolution
		Debug|Any CPU = Debug|Any CPU
		Release|Any CPU = Release|Any CPU
	EndGlobalSection
	GlobalSection(ProjectConfigurationPlatforms) = postSolution
		{79799ED9-D648-4A93-AF97-622B06FEC2AC}.Debug|Any CPU.ActiveCfg = Debug|Any CPU
		{79799ED9-D648-4A93-AF97-622B06FEC2AC}.Debug|Any CPU.Build.0 = Debug|Any CPU
		{79799ED9-D648-4A93-AF97-622B06FEC2AC}.Release|Any CPU.ActiveCfg = Release|Any CPU
		{79799ED9-D648-4A93-AF97-622B06FEC2AC}.Release|Any CPU.Build.0 = Release|Any CPU
	EndGlobalSection
	GlobalSection(SolutionProperties) = preSolution
		HideSolutionNode = FALSE
	EndGlobalSection
	GlobalSection(ExtensibilityGlobals) = postSolution
		SolutionGuid = {2EB6FF12-4BF5-4301-869C-E193A60AC6CF}
	EndGlobalSection
EndGlobal
